
Microsoft Visual Studio Solution File, Format Version 12.00
# Visual Studio Version 17
VisualStudioVersion = 17.3.32929.385
MinimumVisualStudioVersion = 10.0.40219.1
Project("{9A19103F-16F7-4668-BE54-9A1E7A4F7556}") = "Grains", "Grains\Grains.csproj", "{A45B513F-01C0-4707-9229-1C0276D169EE}"
EndProject
Project("{9A19103F-16F7-4668-BE54-9A1E7A4F7556}") = "ChatRoomSimulator", "ChatRoomSimulator\ChatRoomSimulator.csproj", "{17C3FB78-9542-4C5F-AD8E-D48E754B6910}"
EndProject
Project("{9A19103F-16F7-4668-BE54-9A1E7A4F7556}") = "Silo", "Silo\Silo.csproj", "{45EBADE0-0170-4363-8780-083133038E67}"
EndProject
Global
	GlobalSection(SolutionConfigurationPlatforms) = preSolution
		Debug|Any CPU = Debug|Any CPU
		Release|Any CPU = Release|Any CPU
	EndGlobalSection
	GlobalSection(ProjectConfigurationPlatforms) = postSolution
		{A45B513F-01C0-4707-9229-1C0276D169EE}.Debug|Any CPU.ActiveCfg = Debug|Any CPU
		{A45B513F-01C0-4707-9229-1C0276D169EE}.Debug|Any CPU.Build.0 = Debug|Any CPU
		{A45B513F-01C0-4707-9229-1C0276D169EE}.Release|Any CPU.ActiveCfg = Release|Any CPU
		{A45B513F-01C0-4707-9229-1C0276D169EE}.Release|Any CPU.Build.0 = Release|Any CPU
		{17C3FB78-9542-4C5F-AD8E-D48E754B6910}.Debug|Any CPU.ActiveCfg = Debug|Any CPU
		{17C3FB78-9542-4C5F-AD8E-D48E754B6910}.Debug|Any CPU.Build.0 = Debug|Any CPU
		{17C3FB78-9542-4C5F-AD8E-D48E754B6910}.Release|Any CPU.ActiveCfg = Release|Any CPU
		{17C3FB78-9542-4C5F-AD8E-D48E754B6910}.Release|Any CPU.Build.0 = Release|Any CPU
		{45EBADE0-0170-4363-8780-083133038E67}.Debug|Any CPU.ActiveCfg = Debug|Any CPU
		{45EBADE0-0170-4363-8780-083133038E67}.Debug|Any CPU.Build.0 = Debug|Any CPU
		{45EBADE0-0170-4363-8780-083133038E67}.Release|Any CPU.ActiveCfg = Release|Any CPU
		{45EBADE0-0170-4363-8780-083133038E67}.Release|Any CPU.Build.0 = Release|Any CPU
	EndGlobalSection
	GlobalSection(SolutionProperties) = preSolution
		HideSolutionNode = FALSE
	EndGlobalSection
	GlobalSection(ExtensibilityGlobals) = postSolution
		SolutionGuid = {18688828-5AEF-47C2-9DDD-A65C1967E8DC}
	EndGlobalSection
EndGlobal
